# This is a Gradle generated file for dependency locking.
# Manual edits can break the build and are not advised.
# This file is expected to be part of source control.
com.auth0:java-jwt:3.8.0
com.fasterxml.jackson.core:jackson-annotations:2.11.3
com.fasterxml.jackson.core:jackson-core:2.11.3
com.fasterxml.jackson.core:jackson-databind:2.11.3
com.github.luben:zstd-jni:1.4.4-7
com.nhaarman.mockitokotlin2:mockito-kotlin:2.2.0
com.squareup.okhttp3:mockwebserver:4.9.0
com.squareup.okhttp3:okhttp:4.9.0
com.squareup.okio:okio-metadata:2.8.0
com.squareup.okio:okio:2.8.0
io.confluent:common-config:5.5.2
io.confluent:common-utils:5.5.2
io.confluent:kafka-avro-serializer:5.5.2
io.confluent:kafka-schema-registry-client:5.5.2
io.confluent:kafka-schema-serializer:5.5.2
io.swagger:swagger-annotations:1.6.2
jakarta.annotation:jakarta.annotation-api:1.3.5
jakarta.validation:jakarta.validation-api:2.0.2
jakarta.ws.rs:jakarta.ws.rs-api:2.1.6
junit:junit:4.13
net.bytebuddy:byte-buddy-agent:1.9.0
net.bytebuddy:byte-buddy:1.9.0
org.apache.avro:avro:1.9.2
org.apache.commons:commons-compress:1.19
org.apache.kafka:kafka-clients:5.5.2-ccs
org.apiguardian:apiguardian-api:1.1.0
org.glassfish.hk2.external:aopalliance-repackaged:2.6.1
org.glassfish.hk2.external:jakarta.inject:2.6.1
org.glassfish.hk2:hk2-api:2.6.1
org.glassfish.hk2:hk2-locator:2.6.1
org.glassfish.hk2:hk2-utils:2.6.1
org.glassfish.hk2:osgi-resource-locator:1.0.3
org.glassfish.jersey.core:jersey-client:2.32
org.glassfish.jersey.core:jersey-common:2.32
org.glassfish.jersey.core:jersey-server:2.32
org.glassfish.jersey.inject:jersey-hk2:2.32
org.glassfish.jersey.media:jersey-media-jaxb:2.32
org.hamcrest:hamcrest-core:1.3
org.javassist:javassist:3.25.0-GA
org.jetbrains.kotlin:kotlin-reflect:1.4.10
org.jetbrains.kotlin:kotlin-stdlib-common:1.4.10
org.jetbrains.kotlin:kotlin-stdlib-jdk7:1.4.10
org.jetbrains.kotlin:kotlin-stdlib-jdk8:1.4.10
org.jetbrains.kotlin:kotlin-stdlib:1.4.10
org.jetbrains:annotations:13.0
org.json:json:20200518
org.junit.jupiter:junit-jupiter-api:5.7.0
org.junit.platform:junit-platform-commons:1.7.0
org.junit:junit-bom:5.7.0
org.lz4:lz4-java:1.7.1
org.mockito:mockito-core:2.23.0
org.objenesis:objenesis:2.6
org.opentest4j:opentest4j:1.2.0
org.radarbase:lzfse-decode:0.1.0
org.radarbase:radar-commons-server:0.13.0
org.radarbase:radar-commons-testing:0.13.0
org.radarbase:radar-commons:0.13.0
org.radarbase:radar-jersey:0.4.2.1
org.radarcns:radar-auth:0.6.0
org.radarcns:radar-schemas-commons:0.5.14
org.slf4j:slf4j-api:1.7.30
org.xerial.snappy:snappy-java:1.1.7.3
